
Microsoft Visual Studio Solution File, Format Version 12.00
# Visual Studio Version 16
VisualStudioVersion = 16.0.28711.60
MinimumVisualStudioVersion = 10.0.40219.1
Project("{2150E333-8FDC-42A3-9474-1A3956D46DE8}") = "src", "src", "{BB3FEC78-35B0-41B7-B03E-29E193C897FD}"
EndProject
Project("{2150E333-8FDC-42A3-9474-1A3956D46DE8}") = "Solution Items", "Solution Items", "{F2EF8436-CFA0-4646-8D0C-68B9CB689BA4}"
	ProjectSection(SolutionItems) = preProject
		appveyor.yml = appveyor.yml
		global.json = global.json
		README.md = README.md
	EndProjectSection
EndProject
Project("{2150E333-8FDC-42A3-9474-1A3956D46DE8}") = "test", "test", "{7451738D-7268-450E-BFEB-3B2DA27AA342}"
EndProject
Project("{9A19103F-16F7-4668-BE54-9A1E7A4F7556}") = "Portable.ConcurrentCollections", "src\Portable.ConcurrentCollections\Portable.ConcurrentCollections.csproj", "{9B3B7CA8-BF41-4254-915E-92DF41AAC653}"
EndProject
Project("{9A19103F-16F7-4668-BE54-9A1E7A4F7556}") = "Portable.ConcurrentCollections.Tests", "test\Portable.ConcurrentCollections.Tests\Portable.ConcurrentCollections.Tests.csproj", "{554FEF0F-E7B5-4B64-BBD4-8C4A29FF4682}"
EndProject
Global
	GlobalSection(SolutionConfigurationPlatforms) = preSolution
		Debug|Any CPU = Debug|Any CPU
		Release|Any CPU = Release|Any CPU
	EndGlobalSection
	GlobalSection(ProjectConfigurationPlatforms) = postSolution
		{9B3B7CA8-BF41-4254-915E-92DF41AAC653}.Debug|Any CPU.ActiveCfg = Debug|Any CPU
		{9B3B7CA8-BF41-4254-915E-92DF41AAC653}.Debug|Any CPU.Build.0 = Debug|Any CPU
		{9B3B7CA8-BF41-4254-915E-92DF41AAC653}.Release|Any CPU.ActiveCfg = Release|Any CPU
		{9B3B7CA8-BF41-4254-915E-92DF41AAC653}.Release|Any CPU.Build.0 = Release|Any CPU
		{554FEF0F-E7B5-4B64-BBD4-8C4A29FF4682}.Debug|Any CPU.ActiveCfg = Debug|Any CPU
		{554FEF0F-E7B5-4B64-BBD4-8C4A29FF4682}.Debug|Any CPU.Build.0 = Debug|Any CPU
		{554FEF0F-E7B5-4B64-BBD4-8C4A29FF4682}.Release|Any CPU.ActiveCfg = Release|Any CPU
		{554FEF0F-E7B5-4B64-BBD4-8C4A29FF4682}.Release|Any CPU.Build.0 = Release|Any CPU
	EndGlobalSection
	GlobalSection(SolutionProperties) = preSolution
		HideSolutionNode = FALSE
	EndGlobalSection
	GlobalSection(NestedProjects) = preSolution
		{9B3B7CA8-BF41-4254-915E-92DF41AAC653} = {BB3FEC78-35B0-41B7-B03E-29E193C897FD}
		{554FEF0F-E7B5-4B64-BBD4-8C4A29FF4682} = {7451738D-7268-450E-BFEB-3B2DA27AA342}
	EndGlobalSection
	GlobalSection(ExtensibilityGlobals) = postSolution
		SolutionGuid = {1723A875-B350-41C7-954C-571B8A703F70}
	EndGlobalSection
EndGlobal
